
Microsoft Visual Studio Solution File, Format Version 12.00
Project("{FAE04EC0-301F-11D3-BF4B-00C04F79EFBC}") = "BankTransaction.Service", "BankTransaction.Service\BankTransaction.Service.csproj", "{A15F4464-00CA-4762-B072-711744692DDE}"
EndProject
Project("{FAE04EC0-301F-11D3-BF4B-00C04F79EFBC}") = "BankTransaction.Repository", "BankTransaction.Repository\BankTransaction.Repository.csproj", "{D17A4906-0498-492B-A669-57722962081A}"
EndProject
Project("{FAE04EC0-301F-11D3-BF4B-00C04F79EFBC}") = "BankTransaction.Test", "BankTransaction.Test\BankTransaction.Test.csproj", "{72E9209F-0087-40CF-8594-FFA785F014B5}"
EndProject
Project("{FAE04EC0-301F-11D3-BF4B-00C04F79EFBC}") = "BankTransaction.Infrastructure", "BankTransaction.Infrastructure\BankTransaction.Infrastructure.csproj", "{16FC2963-F16C-4171-B774-579ED46A3FF4}"
EndProject
Global
	GlobalSection(SolutionConfigurationPlatforms) = preSolution
		Debug|Any CPU = Debug|Any CPU
		Release|Any CPU = Release|Any CPU
	EndGlobalSection
	GlobalSection(ProjectConfigurationPlatforms) = postSolution
		{A15F4464-00CA-4762-B072-711744692DDE}.Debug|Any CPU.ActiveCfg = Debug|Any CPU
		{A15F4464-00CA-4762-B072-711744692DDE}.Debug|Any CPU.Build.0 = Debug|Any CPU
		{A15F4464-00CA-4762-B072-711744692DDE}.Release|Any CPU.ActiveCfg = Release|Any CPU
		{A15F4464-00CA-4762-B072-711744692DDE}.Release|Any CPU.Build.0 = Release|Any CPU
		{D17A4906-0498-492B-A669-57722962081A}.Debug|Any CPU.ActiveCfg = Debug|Any CPU
		{D17A4906-0498-492B-A669-57722962081A}.Debug|Any CPU.Build.0 = Debug|Any CPU
		{D17A4906-0498-492B-A669-57722962081A}.Release|Any CPU.ActiveCfg = Release|Any CPU
		{D17A4906-0498-492B-A669-57722962081A}.Release|Any CPU.Build.0 = Release|Any CPU
		{72E9209F-0087-40CF-8594-FFA785F014B5}.Debug|Any CPU.ActiveCfg = Debug|Any CPU
		{72E9209F-0087-40CF-8594-FFA785F014B5}.Debug|Any CPU.Build.0 = Debug|Any CPU
		{72E9209F-0087-40CF-8594-FFA785F014B5}.Release|Any CPU.ActiveCfg = Release|Any CPU
		{72E9209F-0087-40CF-8594-FFA785F014B5}.Release|Any CPU.Build.0 = Release|Any CPU
		{16FC2963-F16C-4171-B774-579ED46A3FF4}.Debug|Any CPU.ActiveCfg = Debug|Any CPU
		{16FC2963-F16C-4171-B774-579ED46A3FF4}.Debug|Any CPU.Build.0 = Debug|Any CPU
		{16FC2963-F16C-4171-B774-579ED46A3FF4}.Release|Any CPU.ActiveCfg = Release|Any CPU
		{16FC2963-F16C-4171-B774-579ED46A3FF4}.Release|Any CPU.Build.0 = Release|Any CPU
	EndGlobalSection
EndGlobal
